// !$*UTF8*$!
{
	archiveVersion = 1;
	classes = {
	};
	objectVersion = 50;
	objects = {

/* Begin PBXBuildFile section */
		54F7B39521538168000CD221 /* AppDelegate.m in Sources */ = {isa = PBXBuildFile; fileRef = 54F7B39421538168000CD221 /* AppDelegate.m */; };
		54F7B39821538168000CD221 /* ViewController.m in Sources */ = {isa = PBXBuildFile; fileRef = 54F7B39721538168000CD221 /* ViewController.m */; };
		54F7B39B21538168000CD221 /* Main.storyboard in Resources */ = {isa = PBXBuildFile; fileRef = 54F7B39921538168000CD221 /* Main.storyboard */; };
		54F7B39D2153816A000CD221 /* Assets.xcassets in Resources */ = {isa = PBXBuildFile; fileRef = 54F7B39C2153816A000CD221 /* Assets.xcassets */; };
		54F7B3A02153816A000CD221 /* LaunchScreen.storyboard in Resources */ = {isa = PBXBuildFile; fileRef = 54F7B39E2153816A000CD221 /* LaunchScreen.storyboard */; };
		54F7B3A32153816A000CD221 /* main.m in Sources */ = {isa = PBXBuildFile; fileRef = 54F7B3A22153816A000CD221 /* main.m */; };
		54F7B3AB215383A2000CD221 /* CustomSlider.m in Sources */ = {isa = PBXBuildFile; fileRef = 54F7B3AA215383A2000CD221 /* CustomSlider.m */; };
		54F7B3C92153884C000CD221 /* LICENSE in Resources */ = {isa = PBXBuildFile; fileRef = 54F7B3AD2153884B000CD221 /* LICENSE */; };
		54F7B3CA2153884C000CD221 /* NSLayoutConstraint+MASDebugAdditions.m in Sources */ = {isa = PBXBuildFile; fileRef = 54F7B3B02153884B000CD221 /* NSLayoutConstraint+MASDebugAdditions.m */; };
		54F7B3CB2153884C000CD221 /* ViewController+MASAdditions.m in Sources */ = {isa = PBXBuildFile; fileRef = 54F7B3B92153884B000CD221 /* ViewController+MASAdditions.m */; };
		54F7B3CC2153884C000CD221 /* MASCompositeConstraint.m in Sources */ = {isa = PBXBuildFile; fileRef = 54F7B3BD2153884B000CD221 /* MASCompositeConstraint.m */; };
		54F7B3CD2153884C000CD221 /* MASConstraintMaker.m in Sources */ = {isa = PBXBuildFile; fileRef = 54F7B3BE2153884B000CD221 /* MASConstraintMaker.m */; };
		54F7B3CE2153884C000CD221 /* MASLayoutConstraint.m in Sources */ = {isa = PBXBuildFile; fileRef = 54F7B3BF2153884B000CD221 /* MASLayoutConstraint.m */; };
		54F7B3CF2153884C000CD221 /* NSArray+MASAdditions.m in Sources */ = {isa = PBXBuildFile; fileRef = 54F7B3C02153884B000CD221 /* NSArray+MASAdditions.m */; };
		54F7B3D02153884C000CD221 /* View+MASAdditions.m in Sources */ = {isa = PBXBuildFile; fileRef = 54F7B3C12153884B000CD221 /* View+MASAdditions.m */; };
		54F7B3D12153884C000CD221 /* MASConstraint.m in Sources */ = {isa = PBXBuildFile; fileRef = 54F7B3C42153884B000CD221 /* MASConstraint.m */; };
		54F7B3D22153884C000CD221 /* MASViewConstraint.m in Sources */ = {isa = PBXBuildFile; fileRef = 54F7B3C62153884B000CD221 /* MASViewConstraint.m */; };
		54F7B3D32153884C000CD221 /* MASViewAttribute.m in Sources */ = {isa = PBXBuildFile; fileRef = 54F7B3C72153884B000CD221 /* MASViewAttribute.m */; };
		54F7B3D42153884C000CD221 /* README.md in Resources */ = {isa = PBXBuildFile; fileRef = 54F7B3C82153884B000CD221 /* README.md */; };
		54F7B3D82153897E000CD221 /* cm2_fm_playbar_btn@2x.png in Resources */ = {isa = PBXBuildFile; fileRef = 54F7B3D52153897E000CD221 /* cm2_fm_playbar_btn@2x.png */; };
		54F7B3D92153897E000CD221 /* cm2_fm_playbar_btn.png in Resources */ = {isa = PBXBuildFile; fileRef = 54F7B3D62153897E000CD221 /* cm2_fm_playbar_btn.png */; };
		54F7B3DA2153897E000CD221 /* cm2_fm_playbar_btn@3x.png in Resources */ = {isa = PBXBuildFile; fileRef = 54F7B3D72153897E000CD221 /* cm2_fm_playbar_btn@3x.png */; };
		54F7B3DD215392A0000CD221 /* MyCustomSlider.m in Sources */ = {isa = PBXBuildFile; fileRef = 54F7B3DC215392A0000CD221 /* MyCustomSlider.m */; };
/* End PBXBuildFile section */

/* Begin PBXFileReference section */
		54F7B39021538168000CD221 /* CustomSlider.app */ = {isa = PBXFileReference; explicitFileType = wrapper.application; includeInIndex = 0; path = CustomSlider.app; sourceTree = BUILT_PRODUCTS_DIR; };
		54F7B39321538168000CD221 /* AppDelegate.h */ = {isa = PBXFileReference; lastKnownFileType = sourcecode.c.h; path = AppDelegate.h; sourceTree = "<group>"; };
		54F7B39421538168000CD221 /* AppDelegate.m */ = {isa = PBXFileReference; lastKnownFileType = sourcecode.c.objc; path = AppDelegate.m; sourceTree = "<group>"; };
		54F7B39621538168000CD221 /* ViewController.h */ = {isa = PBXFileReference; lastKnownFileType = sourcecode.c.h; path = ViewController.h; sourceTree = "<group>"; };
		54F7B39721538168000CD221 /* ViewController.m */ = {isa = PBXFileReference; lastKnownFileType = sourcecode.c.objc; path = ViewController.m; sourceTree = "<group>"; };
		54F7B39A21538168000CD221 /* Base */ = {isa = PBXFileReference; lastKnownFileType = file.storyboard; name = Base; path = Base.lproj/Main.storyboard; sourceTree = "<group>"; };
		54F7B39C2153816A000CD221 /* Assets.xcassets */ = {isa = PBXFileReference; lastKnownFileType = folder.assetcatalog; path = Assets.xcassets; sourceTree = "<group>"; };
		54F7B39F2153816A000CD221 /* Base */ = {isa = PBXFileReference; lastKnownFileType = file.storyboard; name = Base; path = Base.lproj/LaunchScreen.storyboard; sourceTree = "<group>"; };
		54F7B3A12153816A000CD221 /* Info.plist */ = {isa = PBXFileReference; lastKnownFileType = text.plist.xml; path = Info.plist; sourceTree = "<group>"; };
		54F7B3A22153816A000CD221 /* main.m */ = {isa = PBXFileReference; lastKnownFileType = sourcecode.c.objc; path = main.m; sourceTree = "<group>"; };
		54F7B3A9215383A2000CD221 /* CustomSlider.h */ = {isa = PBXFileReference; lastKnownFileType = sourcecode.c.h; path = CustomSlider.h; sourceTree = "<group>"; };
		54F7B3AA215383A2000CD221 /* CustomSlider.m */ = {isa = PBXFileReference; lastKnownFileType = sourcecode.c.objc; path = CustomSlider.m; sourceTree = "<group>"; };
		54F7B3AD2153884B000CD221 /* LICENSE */ = {isa = PBXFileReference; fileEncoding = 4; lastKnownFileType = text; path = LICENSE; sourceTree = "<group>"; };
		54F7B3AF2153884B000CD221 /* MASCompositeConstraint.h */ = {isa = PBXFileReference; fileEncoding = 4; lastKnownFileType = sourcecode.c.h; path = MASCompositeConstraint.h; sourceTree = "<group>"; };
		54F7B3B02153884B000CD221 /* NSLayoutConstraint+MASDebugAdditions.m */ = {isa = PBXFileReference; fileEncoding = 4; lastKnownFileType = sourcecode.c.objc; path = "NSLayoutConstraint+MASDebugAdditions.m"; sourceTree = "<group>"; };
		54F7B3B12153884B000CD221 /* MASConstraint+Private.h */ = {isa = PBXFileReference; fileEncoding = 4; lastKnownFileType = sourcecode.c.h; path = "MASConstraint+Private.h"; sourceTree = "<group>"; };
		54F7B3B22153884B000CD221 /* MASLayoutConstraint.h */ = {isa = PBXFileReference; fileEncoding = 4; lastKnownFileType = sourcecode.c.h; path = MASLayoutConstraint.h; sourceTree = "<group>"; };
		54F7B3B32153884B000CD221 /* NSArray+MASShorthandAdditions.h */ = {isa = PBXFileReference; fileEncoding = 4; lastKnownFileType = sourcecode.c.h; path = "NSArray+MASShorthandAdditions.h"; sourceTree = "<group>"; };
		54F7B3B42153884B000CD221 /* MASConstraintMaker.h */ = {isa = PBXFileReference; fileEncoding = 4; lastKnownFileType = sourcecode.c.h; path = MASConstraintMaker.h; sourceTree = "<group>"; };
		54F7B3B52153884B000CD221 /* View+MASAdditions.h */ = {isa = PBXFileReference; fileEncoding = 4; lastKnownFileType = sourcecode.c.h; path = "View+MASAdditions.h"; sourceTree = "<group>"; };
		54F7B3B62153884B000CD221 /* NSArray+MASAdditions.h */ = {isa = PBXFileReference; fileEncoding = 4; lastKnownFileType = sourcecode.c.h; path = "NSArray+MASAdditions.h"; sourceTree = "<group>"; };
		54F7B3B72153884B000CD221 /* MASUtilities.h */ = {isa = PBXFileReference; fileEncoding = 4; lastKnownFileType = sourcecode.c.h; path = MASUtilities.h; sourceTree = "<group>"; };
		54F7B3B82153884B000CD221 /* MASViewAttribute.h */ = {isa = PBXFileReference; fileEncoding = 4; lastKnownFileType = sourcecode.c.h; path = MASViewAttribute.h; sourceTree = "<group>"; };
		54F7B3B92153884B000CD221 /* ViewController+MASAdditions.m */ = {isa = PBXFileReference; fileEncoding = 4; lastKnownFileType = sourcecode.c.objc; path = "ViewController+MASAdditions.m"; sourceTree = "<group>"; };
		54F7B3BA2153884B000CD221 /* MASViewConstraint.h */ = {isa = PBXFileReference; fileEncoding = 4; lastKnownFileType = sourcecode.c.h; path = MASViewConstraint.h; sourceTree = "<group>"; };
		54F7B3BB2153884B000CD221 /* MASConstraint.h */ = {isa = PBXFileReference; fileEncoding = 4; lastKnownFileType = sourcecode.c.h; path = MASConstraint.h; sourceTree = "<group>"; };
		54F7B3BC2153884B000CD221 /* NSLayoutConstraint+MASDebugAdditions.h */ = {isa = PBXFileReference; fileEncoding = 4; lastKnownFileType = sourcecode.c.h; path = "NSLayoutConstraint+MASDebugAdditions.h"; sourceTree = "<group>"; };
		54F7B3BD2153884B000CD221 /* MASCompositeConstraint.m */ = {isa = PBXFileReference; fileEncoding = 4; lastKnownFileType = sourcecode.c.objc; path = MASCompositeConstraint.m; sourceTree = "<group>"; };
		54F7B3BE2153884B000CD221 /* MASConstraintMaker.m */ = {isa = PBXFileReference; fileEncoding = 4; lastKnownFileType = sourcecode.c.objc; path = MASConstraintMaker.m; sourceTree = "<group>"; };
		54F7B3BF2153884B000CD221 /* MASLayoutConstraint.m */ = {isa = PBXFileReference; fileEncoding = 4; lastKnownFileType = sourcecode.c.objc; path = MASLayoutConstraint.m; sourceTree = "<group>"; };
		54F7B3C02153884B000CD221 /* NSArray+MASAdditions.m */ = {isa = PBXFileReference; fileEncoding = 4; lastKnownFileType = sourcecode.c.objc; path = "NSArray+MASAdditions.m"; sourceTree = "<group>"; };
		54F7B3C12153884B000CD221 /* View+MASAdditions.m */ = {isa = PBXFileReference; fileEncoding = 4; lastKnownFileType = sourcecode.c.objc; path = "View+MASAdditions.m"; sourceTree = "<group>"; };
		54F7B3C22153884B000CD221 /* View+MASShorthandAdditions.h */ = {isa = PBXFileReference; fileEncoding = 4; lastKnownFileType = sourcecode.c.h; path = "View+MASShorthandAdditions.h"; sourceTree = "<group>"; };
		54F7B3C32153884B000CD221 /* Masonry.h */ = {isa = PBXFileReference; fileEncoding = 4; lastKnownFileType = sourcecode.c.h; path = Masonry.h; sourceTree = "<group>"; };
		54F7B3C42153884B000CD221 /* MASConstraint.m */ = {isa = PBXFileReference; fileEncoding = 4; lastKnownFileType = sourcecode.c.objc; path = MASConstraint.m; sourceTree = "<group>"; };
		54F7B3C52153884B000CD221 /* ViewController+MASAdditions.h */ = {isa = PBXFileReference; fileEncoding = 4; lastKnownFileType = sourcecode.c.h; path = "ViewController+MASAdditions.h"; sourceTree = "<group>"; };
		54F7B3C62153884B000CD221 /* MASViewConstraint.m */ = {isa = PBXFileReference; fileEncoding = 4; lastKnownFileType = sourcecode.c.objc; path = MASViewConstraint.m; sourceTree = "<group>"; };
		54F7B3C72153884B000CD221 /* MASViewAttribute.m */ = {isa = PBXFileReference; fileEncoding = 4; lastKnownFileType = sourcecode.c.objc; path = MASViewAttribute.m; sourceTree = "<group>"; };
		54F7B3C82153884B000CD221 /* README.md */ = {isa = PBXFileReference; fileEncoding = 4; lastKnownFileType = net.daringfireball.markdown; path = README.md; sourceTree = "<group>"; };
		54F7B3D52153897E000CD221 /* cm2_fm_playbar_btn@2x.png */ = {isa = PBXFileReference; lastKnownFileType = image.png; path = "cm2_fm_playbar_btn@2x.png"; sourceTree = "<group>"; };
		54F7B3D62153897E000CD221 /* cm2_fm_playbar_btn.png */ = {isa = PBXFileReference; lastKnownFileType = image.png; path = cm2_fm_playbar_btn.png; sourceTree = "<group>"; };
		54F7B3D72153897E000CD221 /* cm2_fm_playbar_btn@3x.png */ = {isa = PBXFileReference; lastKnownFileType = image.png; path = "cm2_fm_playbar_btn@3x.png"; sourceTree = "<group>"; };
		54F7B3DB215392A0000CD221 /* MyCustomSlider.h */ = {isa = PBXFileReference; lastKnownFileType = sourcecode.c.h; path = MyCustomSlider.h; sourceTree = "<group>"; };
		54F7B3DC215392A0000CD221 /* MyCustomSlider.m */ = {isa = PBXFileReference; lastKnownFileType = sourcecode.c.objc; path = MyCustomSlider.m; sourceTree = "<group>"; };
/* End PBXFileReference section */

/* Begin PBXFrameworksBuildPhase section */
		54F7B38D21538168000CD221 /* Frameworks */ = {
			isa = PBXFrameworksBuildPhase;
			buildActionMask = 2147483647;
			files = (
			);
			runOnlyForDeploymentPostprocessing = 0;
		};
/* End PBXFrameworksBuildPhase section */

/* Begin PBXGroup section */
		54F7B38721538168000CD221 = {
			isa = PBXGroup;
			children = (
				54F7B39221538168000CD221 /* CustomSlider */,
				54F7B39121538168000CD221 /* Products */,
			);
			sourceTree = "<group>";
		};
		54F7B39121538168000CD221 /* Products */ = {
			isa = PBXGroup;
			children = (
				54F7B39021538168000CD221 /* CustomSlider.app */,
			);
			name = Products;
			sourceTree = "<group>";
		};
		54F7B39221538168000CD221 /* CustomSlider */ = {
			isa = PBXGroup;
			children = (
				54F7B3D62153897E000CD221 /* cm2_fm_playbar_btn.png */,
				54F7B3D52153897E000CD221 /* cm2_fm_playbar_btn@2x.png */,
				54F7B3D72153897E000CD221 /* cm2_fm_playbar_btn@3x.png */,
				54F7B3AC2153884B000CD221 /* Masonry */,
				54F7B39321538168000CD221 /* AppDelegate.h */,
				54F7B39421538168000CD221 /* AppDelegate.m */,
				54F7B39621538168000CD221 /* ViewController.h */,
				54F7B39721538168000CD221 /* ViewController.m */,
				54F7B39921538168000CD221 /* Main.storyboard */,
				54F7B39C2153816A000CD221 /* Assets.xcassets */,
				54F7B39E2153816A000CD221 /* LaunchScreen.storyboard */,
				54F7B3A12153816A000CD221 /* Info.plist */,
				54F7B3A22153816A000CD221 /* main.m */,
				54F7B3A9215383A2000CD221 /* CustomSlider.h */,
				54F7B3AA215383A2000CD221 /* CustomSlider.m */,
				54F7B3DB215392A0000CD221 /* MyCustomSlider.h */,
				54F7B3DC215392A0000CD221 /* MyCustomSlider.m */,
			);
			path = CustomSlider;
			sourceTree = "<group>";
		};
		54F7B3AC2153884B000CD221 /* Masonry */ = {
			isa = PBXGroup;
			children = (
				54F7B3AD2153884B000CD221 /* LICENSE */,
				54F7B3AE2153884B000CD221 /* Masonry */,
				54F7B3C82153884B000CD221 /* README.md */,
			);
			path = Masonry;
			sourceTree = "<group>";
		};
		54F7B3AE2153884B000CD221 /* Masonry */ = {
			isa = PBXGroup;
			children = (
				54F7B3AF2153884B000CD221 /* MASCompositeConstraint.h */,
				54F7B3B02153884B000CD221 /* NSLayoutConstraint+MASDebugAdditions.m */,
				54F7B3B12153884B000CD221 /* MASConstraint+Private.h */,
				54F7B3B22153884B000CD221 /* MASLayoutConstraint.h */,
				54F7B3B32153884B000CD221 /* NSArray+MASShorthandAdditions.h */,
				54F7B3B42153884B000CD221 /* MASConstraintMaker.h */,
				54F7B3B52153884B000CD221 /* View+MASAdditions.h */,
				54F7B3B62153884B000CD221 /* NSArray+MASAdditions.h */,
				54F7B3B72153884B000CD221 /* MASUtilities.h */,
				54F7B3B82153884B000CD221 /* MASViewAttribute.h */,
				54F7B3B92153884B000CD221 /* ViewController+MASAdditions.m */,
				54F7B3BA2153884B000CD221 /* MASViewConstraint.h */,
				54F7B3BB2153884B000CD221 /* MASConstraint.h */,
				54F7B3BC2153884B000CD221 /* NSLayoutConstraint+MASDebugAdditions.h */,
				54F7B3BD2153884B000CD221 /* MASCompositeConstraint.m */,
				54F7B3BE2153884B000CD221 /* MASConstraintMaker.m */,
				54F7B3BF2153884B000CD221 /* MASLayoutConstraint.m */,
				54F7B3C02153884B000CD221 /* NSArray+MASAdditions.m */,
				54F7B3C12153884B000CD221 /* View+MASAdditions.m */,
				54F7B3C22153884B000CD221 /* View+MASShorthandAdditions.h */,
				54F7B3C32153884B000CD221 /* Masonry.h */,
				54F7B3C42153884B000CD221 /* MASConstraint.m */,
				54F7B3C52153884B000CD221 /* ViewController+MASAdditions.h */,
				54F7B3C62153884B000CD221 /* MASViewConstraint.m */,
				54F7B3C72153884B000CD221 /* MASViewAttribute.m */,
			);
			path = Masonry;
			sourceTree = "<group>";
		};
/* End PBXGroup section */

/* Begin PBXNativeTarget section */
		54F7B38F21538168000CD221 /* CustomSlider */ = {
			isa = PBXNativeTarget;
			buildConfigurationList = 54F7B3A62153816A000CD221 /* Build configuration list for PBXNativeTarget "CustomSlider" */;
			buildPhases = (
				54F7B38C21538168000CD221 /* Sources */,
				54F7B38D21538168000CD221 /* Frameworks */,
				54F7B38E21538168000CD221 /* Resources */,
			);
			buildRules = (
			);
			dependencies = (
			);
			name = CustomSlider;
			productName = CustomSlider;
			productReference = 54F7B39021538168000CD221 /* CustomSlider.app */;
			productType = "com.apple.product-type.application";
		};
/* End PBXNativeTarget section */

/* Begin PBXProject section */
		54F7B38821538168000CD221 /* Project object */ = {
			isa = PBXProject;
			attributes = {
				LastUpgradeCheck = 0940;
				ORGANIZATIONNAME = "DOUBLE Q";
				TargetAttributes = {
					54F7B38F21538168000CD221 = {
						CreatedOnToolsVersion = 9.4.1;
					};
				};
			};
			buildConfigurationList = 54F7B38B21538168000CD221 /* Build configuration list for PBXProject "CustomSlider" */;
			compatibilityVersion = "Xcode 9.3";
			developmentRegion = en;
			hasScannedForEncodings = 0;
			knownRegions = (
				en,
				Base,
			);
			mainGroup = 54F7B38721538168000CD221;
			productRefGroup = 54F7B39121538168000CD221 /* Products */;
			projectDirPath = "";
			projectRoot = "";
			targets = (
				54F7B38F21538168000CD221 /* CustomSlider */,
			);
		};
/* End PBXProject section */

/* Begin PBXResourcesBuildPhase section */
		54F7B38E21538168000CD221 /* Resources */ = {
			isa = PBXResourcesBuildPhase;
			buildActionMask = 2147483647;
			files = (
				54F7B3DA2153897E000CD221 /* cm2_fm_playbar_btn@3x.png in Resources */,
				54F7B3A02153816A000CD221 /* LaunchScreen.storyboard in Resources */,
				54F7B39D2153816A000CD221 /* Assets.xcassets in Resources */,
				54F7B3D42153884C000CD221 /* README.md in Resources */,
				54F7B3D82153897E000CD221 /* cm2_fm_playbar_btn@2x.png in Resources */,
				54F7B3C92153884C000CD221 /* LICENSE in Resources */,
				54F7B39B21538168000CD221 /* Main.storyboard in Resources */,
				54F7B3D92153897E000CD221 /* cm2_fm_playbar_btn.png in Resources */,
			);
			runOnlyForDeploymentPostprocessing = 0;
		};
/* End PBXResourcesBuildPhase section */

/* Begin PBXSourcesBuildPhase section */
		54F7B38C21538168000CD221 /* Sources */ = {
			isa = PBXSourcesBuildPhase;
			buildActionMask = 2147483647;
			files = (
				54F7B3D22153884C000CD221 /* MASViewConstraint.m in Sources */,
				54F7B3D32153884C000CD221 /* MASViewAttribute.m in Sources */,
				54F7B3DD215392A0000CD221 /* MyCustomSlider.m in Sources */,
				54F7B39821538168000CD221 /* ViewController.m in Sources */,
				54F7B3A32153816A000CD221 /* main.m in Sources */,
				54F7B3CF2153884C000CD221 /* NSArray+MASAdditions.m in Sources */,
				54F7B3CB2153884C000CD221 /* ViewController+MASAdditions.m in Sources */,
				54F7B3CC2153884C000CD221 /* MASCompositeConstraint.m in Sources */,
				54F7B39521538168000CD221 /* AppDelegate.m in Sources */,
				54F7B3D02153884C000CD221 /* View+MASAdditions.m in Sources */,
				54F7B3CD2153884C000CD221 /* MASConstraintMaker.m in Sources */,
				54F7B3D12153884C000CD221 /* MASConstraint.m in Sources */,
				54F7B3CA2153884C000CD221 /* NSLayoutConstraint+MASDebugAdditions.m in Sources */,
				54F7B3CE2153884C000CD221 /* MASLayoutConstraint.m in Sources */,
				54F7B3AB215383A2000CD221 /* CustomSlider.m in Sources */,
			);
			runOnlyForDeploymentPostprocessing = 0;
		};
/* End PBXSourcesBuildPhase section */

/* Begin PBXVariantGroup section */
		54F7B39921538168000CD221 /* Main.storyboard */ = {
			isa = PBXVariantGroup;
			children = (
				54F7B39A21538168000CD221 /* Base */,
			);
			name = Main.storyboard;
			sourceTree = "<group>";
		};
		54F7B39E2153816A000CD221 /* LaunchScreen.storyboard */ = {
			isa = PBXVariantGroup;
			children = (
				54F7B39F2153816A000CD221 /* Base */,
			);
			name = LaunchScreen.storyboard;
			sourceTree = "<group>";
		};
/* End PBXVariantGroup section */

/* Begin XCBuildConfiguration section */
		54F7B3A42153816A000CD221 /* Debug */ = {
			isa = XCBuildConfiguration;
			buildSettings = {
				ALWAYS_SEARCH_USER_PATHS = NO;
				CLANG_ANALYZER_NONNULL = YES;
				CLANG_ANALYZER_NUMBER_OBJECT_CONVERSION = YES_AGGRESSIVE;
				CLANG_CXX_LANGUAGE_STANDARD = "gnu++14";
				CLANG_CXX_LIBRARY = "libc++";
				CLANG_ENABLE_MODULES = YES;
				CLANG_ENABLE_OBJC_ARC = YES;
				CLANG_ENABLE_OBJC_WEAK = YES;
				CLANG_WARN_BLOCK_CAPTURE_AUTORELEASING = YES;
				CLANG_WARN_BOOL_CONVERSION = YES;
				CLANG_WARN_COMMA = YES;
				CLANG_WARN_CONSTANT_CONVERSION = YES;
				CLANG_WARN_DEPRECATED_OBJC_IMPLEMENTATIONS = YES;
				CLANG_WARN_DIRECT_OBJC_ISA_USAGE = YES_ERROR;
				CLANG_WARN_DOCUMENTATION_COMMENTS = YES;
				CLANG_WARN_EMPTY_BODY = YES;
				CLANG_WARN_ENUM_CONVERSION = YES;
				CLANG_WARN_INFINITE_RECURSION = YES;
				CLANG_WARN_INT_CONVERSION = YES;
				CLANG_WARN_NON_LITERAL_NULL_CONVERSION = YES;
				CLANG_WARN_OBJC_IMPLICIT_RETAIN_SELF = YES;
				CLANG_WARN_OBJC_LITERAL_CONVERSION = YES;
				CLANG_WARN_OBJC_ROOT_CLASS = YES_ERROR;
				CLANG_WARN_RANGE_LOOP_ANALYSIS = YES;
				CLANG_WARN_STRICT_PROTOTYPES = YES;
				CLANG_WARN_SUSPICIOUS_MOVE = YES;
				CLANG_WARN_UNGUARDED_AVAILABILITY = YES_AGGRESSIVE;
				CLANG_WARN_UNREACHABLE_CODE = YES;
				CLANG_WARN__DUPLICATE_METHOD_MATCH = YES;
				CODE_SIGN_IDENTITY = "iPhone Developer";
				COPY_PHASE_STRIP = NO;
				DEBUG_INFORMATION_FORMAT = dwarf;
				ENABLE_STRICT_OBJC_MSGSEND = YES;
				ENABLE_TESTABILITY = YES;
				GCC_C_LANGUAGE_STANDARD = gnu11;
				GCC_DYNAMIC_NO_PIC = NO;
				GCC_NO_COMMON_BLOCKS = YES;
				GCC_OPTIMIZATION_LEVEL = 0;
				GCC_PREPROCESSOR_DEFINITIONS = (
					"DEBUG=1",
					"$(inherited)",
				);
				GCC_WARN_64_TO_32_BIT_CONVERSION = YES;
				GCC_WARN_ABOUT_RETURN_TYPE = YES_ERROR;
				GCC_WARN_UNDECLARED_SELECTOR = YES;
				GCC_WARN_UNINITIALIZED_AUTOS = YES_AGGRESSIVE;
				GCC_WARN_UNUSED_FUNCTION = YES;
				GCC_WARN_UNUSED_VARIABLE = YES;
				IPHONEOS_DEPLOYMENT_TARGET = 11.4;
				MTL_ENABLE_DEBUG_INFO = YES;
				ONLY_ACTIVE_ARCH = YES;
				SDKROOT = iphoneos;
			};
			name = Debug;
		};
		54F7B3A52153816A000CD221 /* Release */ = {
			isa = XCBuildConfiguration;
			buildSettings = {
				ALWAYS_SEARCH_USER_PATHS = NO;
				CLANG_ANALYZER_NONNULL = YES;
				CLANG_ANALYZER_NUMBER_OBJECT_CONVERSION = YES_AGGRESSIVE;
				CLANG_CXX_LANGUAGE_STANDARD = "gnu++14";
				CLANG_CXX_LIBRARY = "libc++";
				CLANG_ENABLE_MODULES = YES;
				CLANG_ENABLE_OBJC_ARC = YES;
				CLANG_ENABLE_OBJC_WEAK = YES;
				CLANG_WARN_BLOCK_CAPTURE_AUTORELEASING = YES;
				CLANG_WARN_BOOL_CONVERSION = YES;
				CLANG_WARN_COMMA = YES;
				CLANG_WARN_CONSTANT_CONVERSION = YES;
				CLANG_WARN_DEPRECATED_OBJC_IMPLEMENTATIONS = YES;
				CLANG_WARN_DIRECT_OBJC_ISA_USAGE = YES_ERROR;
				CLANG_WARN_DOCUMENTATION_COMMENTS = YES;
				CLANG_WARN_EMPTY_BODY = YES;
				CLANG_WARN_ENUM_CONVERSION = YES;
				CLANG_WARN_INFINITE_RECURSION = YES;
				CLANG_WARN_INT_CONVERSION = YES;
				CLANG_WARN_NON_LITERAL_NULL_CONVERSION = YES;
				CLANG_WARN_OBJC_IMPLICIT_RETAIN_SELF = YES;
				CLANG_WARN_OBJC_LITERAL_CONVERSION = YES;
				CLANG_WARN_OBJC_ROOT_CLASS = YES_ERROR;
				CLANG_WARN_RANGE_LOOP_ANALYSIS = YES;
				CLANG_WARN_STRICT_PROTOTYPES = YES;
				CLANG_WARN_SUSPICIOUS_MOVE = YES;
				CLANG_WARN_UNGUARDED_AVAILABILITY = YES_AGGRESSIVE;
				CLANG_WARN_UNREACHABLE_CODE = YES;
				CLANG_WARN__DUPLICATE_METHOD_MATCH = YES;
				CODE_SIGN_IDENTITY = "iPhone Developer";
				COPY_PHASE_STRIP = NO;
				DEBUG_INFORMATION_FORMAT = "dwarf-with-dsym";
				ENABLE_NS_ASSERTIONS = NO;
				ENABLE_STRICT_OBJC_MSGSEND = YES;
				GCC_C_LANGUAGE_STANDARD = gnu11;
				GCC_NO_COMMON_BLOCKS = YES;
				GCC_WARN_64_TO_32_BIT_CONVERSION = YES;
				GCC_WARN_ABOUT_RETURN_TYPE = YES_ERROR;
				GCC_WARN_UNDECLARED_SELECTOR = YES;
				GCC_WARN_UNINITIALIZED_AUTOS = YES_AGGRESSIVE;
				GCC_WARN_UNUSED_FUNCTION = YES;
				GCC_WARN_UNUSED_VARIABLE = YES;
				IPHONEOS_DEPLOYMENT_TARGET = 11.4;
				MTL_ENABLE_DEBUG_INFO = NO;
				SDKROOT = iphoneos;
				VALIDATE_PRODUCT = YES;
			};
			name = Release;
		};
		54F7B3A72153816A000CD221 /* Debug */ = {
			isa = XCBuildConfiguration;
			buildSettings = {
				ASSETCATALOG_COMPILER_APPICON_NAME = AppIcon;
				CODE_SIGN_STYLE = Automatic;
				DEVELOPMENT_TEAM = AF8F677DE2;
				INFOPLIST_FILE = CustomSlider/Info.plist;
				LD_RUNPATH_SEARCH_PATHS = (
					"$(inherited)",
					"@executable_path/Frameworks",
				);
				PRODUCT_BUNDLE_IDENTIFIER = com.dianyou.toolbox.CustomSlider;
				PRODUCT_NAME = "$(TARGET_NAME)";
				TARGETED_DEVICE_FAMILY = "1,2";
			};
			name = Debug;
		};
		54F7B3A82153816A000CD221 /* Release */ = {
			isa = XCBuildConfiguration;
			buildSettings = {
				ASSETCATALOG_COMPILER_APPICON_NAME = AppIcon;
				CODE_SIGN_STYLE = Automatic;
				DEVELOPMENT_TEAM = AF8F677DE2;
				INFOPLIST_FILE = CustomSlider/Info.plist;
				LD_RUNPATH_SEARCH_PATHS = (
					"$(inherited)",
					"@executable_path/Frameworks",
				);
				PRODUCT_BUNDLE_IDENTIFIER = com.dianyou.toolbox.CustomSlider;
				PRODUCT_NAME = "$(TARGET_NAME)";
				TARGETED_DEVICE_FAMILY = "1,2";
			};
			name = Release;
		};
/* End XCBuildConfiguration section */

/* Begin XCConfigurationList section */
		54F7B38B21538168000CD221 /* Build configuration list for PBXProject "CustomSlider" */ = {
			isa = XCConfigurationList;
			buildConfigurations = (
				54F7B3A42153816A000CD221 /* Debug */,
				54F7B3A52153816A000CD221 /* Release */,
			);
			defaultConfigurationIsVisible = 0;
			defaultConfigurationName = Release;
		};
		54F7B3A62153816A000CD221 /* Build configuration list for PBXNativeTarget "CustomSlider" */ = {
			isa = XCConfigurationList;
			buildConfigurations = (
				54F7B3A72153816A000CD221 /* Debug */,
				54F7B3A82153816A000CD221 /* Release */,
			);
			defaultConfigurationIsVisible = 0;
			defaultConfigurationName = Release;
		};
/* End XCConfigurationList section */
	};
	rootObject = 54F7B38821538168000CD221 /* Project object */;
}
